
Microsoft Visual Studio Solution File, Format Version 12.00
# Visual Studio Version 17
VisualStudioVersion = 17.6.33829.357
MinimumVisualStudioVersion = 10.0.40219.1
Project("{FAE04EC0-301F-11D3-BF4B-00C04F79EFBC}") = "NoGreenRain", "NoGreenRain.csproj", "{1A67D9F1-0BB4-4CB5-BB5D-43EF40BE86A7}"
EndProject
Global
	GlobalSection(SolutionConfigurationPlatforms) = preSolution
		Debug|Any CPU = Debug|Any CPU
		Release|Any CPU = Release|Any CPU
	EndGlobalSection
	GlobalSection(ProjectConfigurationPlatforms) = postSolution
		{1A67D9F1-0BB4-4CB5-BB5D-43EF40BE86A7}.Debug|Any CPU.ActiveCfg = Debug|Any CPU
		{1A67D9F1-0BB4-4CB5-BB5D-43EF40BE86A7}.Debug|Any CPU.Build.0 = Debug|Any CPU
		{1A67D9F1-0BB4-4CB5-BB5D-43EF40BE86A7}.Release|Any CPU.ActiveCfg = Release|Any CPU
		{1A67D9F1-0BB4-4CB5-BB5D-43EF40BE86A7}.Release|Any CPU.Build.0 = Release|Any CPU
	EndGlobalSection
	GlobalSection(SolutionProperties) = preSolution
		HideSolutionNode = FALSE
	EndGlobalSection
	GlobalSection(ExtensibilityGlobals) = postSolution
		SolutionGuid = {1A09494D-FC8C-46B0-BB63-8A767CA44FBB}
	EndGlobalSection
EndGlobal
